// !$*UTF8*$!
{
	archiveVersion = 1;
	classes = {
	};
	objectVersion = 51;
	objects = {

/* Begin PBXBuildFile section */
		4C11818B272509720026F0A1 /* AlomofireTableViewCell.swift in Sources */ = {isa = PBXBuildFile; fileRef = 4C118189272509710026F0A1 /* AlomofireTableViewCell.swift */; };
		4C11818C272509720026F0A1 /* AlomofireViewController.swift in Sources */ = {isa = PBXBuildFile; fileRef = 4C11818A272509720026F0A1 /* AlomofireViewController.swift */; };
		4C11818F27250A220026F0A1 /* StandartViewController.swift in Sources */ = {isa = PBXBuildFile; fileRef = 4C11818E27250A220026F0A1 /* StandartViewController.swift */; };
		4C11819227250A590026F0A1 /* WeatherTableViewCell.swift in Sources */ = {isa = PBXBuildFile; fileRef = 4C11819127250A590026F0A1 /* WeatherTableViewCell.swift */; };
		4C437B1226EE78C500419CF5 /* ViewController2c.swift in Sources */ = {isa = PBXBuildFile; fileRef = 4C437B1126EE78C400419CF5 /* ViewController2c.swift */; };
		4C437B1526EE795C00419CF5 /* CDTaskTableViewCell.swift in Sources */ = {isa = PBXBuildFile; fileRef = 4C437B1426EE795C00419CF5 /* CDTaskTableViewCell.swift */; };
		4C439E7827247A9300FD02BB /* NewTaskViewController.swift in Sources */ = {isa = PBXBuildFile; fileRef = 4C439E7727247A9300FD02BB /* NewTaskViewController.swift */; };
		4C4CB2A726E8DCAB001473B5 /* ViewController2b.swift in Sources */ = {isa = PBXBuildFile; fileRef = 4C4CB2A626E8DCAB001473B5 /* ViewController2b.swift */; };
		4C4CB2AA26E8FC74001473B5 /* TaskTableViewCell.swift in Sources */ = {isa = PBXBuildFile; fileRef = 4C4CB2A926E8FC74001473B5 /* TaskTableViewCell.swift */; };
		4C4CB2AD26E902BE001473B5 /* PersistanceRealm.swift in Sources */ = {isa = PBXBuildFile; fileRef = 4C4CB2AC26E902BE001473B5 /* PersistanceRealm.swift */; };
		4CC266A126E696FD00059AD9 /* AppDelegate.swift in Sources */ = {isa = PBXBuildFile; fileRef = 4CC266A026E696FD00059AD9 /* AppDelegate.swift */; };
		4CC266A326E696FD00059AD9 /* SceneDelegate.swift in Sources */ = {isa = PBXBuildFile; fileRef = 4CC266A226E696FD00059AD9 /* SceneDelegate.swift */; };
		4CC266A526E696FD00059AD9 /* ViewController2a.swift in Sources */ = {isa = PBXBuildFile; fileRef = 4CC266A426E696FD00059AD9 /* ViewController2a.swift */; };
		4CC266A826E696FD00059AD9 /* Main.storyboard in Resources */ = {isa = PBXBuildFile; fileRef = 4CC266A626E696FD00059AD9 /* Main.storyboard */; };
		4CC266AB26E696FD00059AD9 /* HW14.xcdatamodeld in Sources */ = {isa = PBXBuildFile; fileRef = 4CC266A926E696FD00059AD9 /* HW14.xcdatamodeld */; };
		4CC266AD26E696FE00059AD9 /* Assets.xcassets in Resources */ = {isa = PBXBuildFile; fileRef = 4CC266AC26E696FE00059AD9 /* Assets.xcassets */; };
		4CC266B026E696FE00059AD9 /* LaunchScreen.storyboard in Resources */ = {isa = PBXBuildFile; fileRef = 4CC266AE26E696FE00059AD9 /* LaunchScreen.storyboard */; };
		4CC266B926E6972100059AD9 /* Persistance.swift in Sources */ = {isa = PBXBuildFile; fileRef = 4CC266B826E6972100059AD9 /* Persistance.swift */; };
		4CC266BF26E6AFEC00059AD9 /* MainViewController.swift in Sources */ = {isa = PBXBuildFile; fileRef = 4CC266BE26E6AFEC00059AD9 /* MainViewController.swift */; };
		C89EA9DB90130D09DA4A8D64 /* Pods_HW14.framework in Frameworks */ = {isa = PBXBuildFile; fileRef = D4A7B61BDE35E08FEE43D5F7 /* Pods_HW14.framework */; };
/* End PBXBuildFile section */

/* Begin PBXFileReference section */
		4C118189272509710026F0A1 /* AlomofireTableViewCell.swift */ = {isa = PBXFileReference; fileEncoding = 4; lastKnownFileType = sourcecode.swift; path = AlomofireTableViewCell.swift; sourceTree = "<group>"; };
		4C11818A272509720026F0A1 /* AlomofireViewController.swift */ = {isa = PBXFileReference; fileEncoding = 4; lastKnownFileType = sourcecode.swift; path = AlomofireViewController.swift; sourceTree = "<group>"; };
		4C11818E27250A220026F0A1 /* StandartViewController.swift */ = {isa = PBXFileReference; fileEncoding = 4; lastKnownFileType = sourcecode.swift; path = StandartViewController.swift; sourceTree = "<group>"; };
		4C11819127250A590026F0A1 /* WeatherTableViewCell.swift */ = {isa = PBXFileReference; fileEncoding = 4; lastKnownFileType = sourcecode.swift; path = WeatherTableViewCell.swift; sourceTree = "<group>"; };
		4C437B1126EE78C400419CF5 /* ViewController2c.swift */ = {isa = PBXFileReference; lastKnownFileType = sourcecode.swift; path = ViewController2c.swift; sourceTree = "<group>"; };
		4C437B1426EE795C00419CF5 /* CDTaskTableViewCell.swift */ = {isa = PBXFileReference; lastKnownFileType = sourcecode.swift; path = CDTaskTableViewCell.swift; sourceTree = "<group>"; };
		4C439E7727247A9300FD02BB /* NewTaskViewController.swift */ = {isa = PBXFileReference; lastKnownFileType = sourcecode.swift; path = NewTaskViewController.swift; sourceTree = "<group>"; };
		4C4CB2A626E8DCAB001473B5 /* ViewController2b.swift */ = {isa = PBXFileReference; lastKnownFileType = sourcecode.swift; path = ViewController2b.swift; sourceTree = "<group>"; };
		4C4CB2A926E8FC74001473B5 /* TaskTableViewCell.swift */ = {isa = PBXFileReference; lastKnownFileType = sourcecode.swift; path = TaskTableViewCell.swift; sourceTree = "<group>"; };
		4C4CB2AC26E902BE001473B5 /* PersistanceRealm.swift */ = {isa = PBXFileReference; lastKnownFileType = sourcecode.swift; path = PersistanceRealm.swift; sourceTree = "<group>"; };
		4CC2669D26E696FD00059AD9 /* HW14.app */ = {isa = PBXFileReference; explicitFileType = wrapper.application; includeInIndex = 0; path = HW14.app; sourceTree = BUILT_PRODUCTS_DIR; };
		4CC266A026E696FD00059AD9 /* AppDelegate.swift */ = {isa = PBXFileReference; lastKnownFileType = sourcecode.swift; path = AppDelegate.swift; sourceTree = "<group>"; };
		4CC266A226E696FD00059AD9 /* SceneDelegate.swift */ = {isa = PBXFileReference; lastKnownFileType = sourcecode.swift; path = SceneDelegate.swift; sourceTree = "<group>"; };
		4CC266A426E696FD00059AD9 /* ViewController2a.swift */ = {isa = PBXFileReference; lastKnownFileType = sourcecode.swift; path = ViewController2a.swift; sourceTree = "<group>"; };
		4CC266A726E696FD00059AD9 /* Base */ = {isa = PBXFileReference; lastKnownFileType = file.storyboard; name = Base; path = Base.lproj/Main.storyboard; sourceTree = "<group>"; };
		4CC266AA26E696FD00059AD9 /* HW14.xcdatamodel */ = {isa = PBXFileReference; lastKnownFileType = wrapper.xcdatamodel; path = HW14.xcdatamodel; sourceTree = "<group>"; };
		4CC266AC26E696FE00059AD9 /* Assets.xcassets */ = {isa = PBXFileReference; lastKnownFileType = folder.assetcatalog; path = Assets.xcassets; sourceTree = "<group>"; };
		4CC266AF26E696FE00059AD9 /* Base */ = {isa = PBXFileReference; lastKnownFileType = file.storyboard; name = Base; path = Base.lproj/LaunchScreen.storyboard; sourceTree = "<group>"; };
		4CC266B126E696FE00059AD9 /* Info.plist */ = {isa = PBXFileReference; lastKnownFileType = text.plist.xml; path = Info.plist; sourceTree = "<group>"; };
		4CC266B826E6972100059AD9 /* Persistance.swift */ = {isa = PBXFileReference; lastKnownFileType = sourcecode.swift; path = Persistance.swift; sourceTree = "<group>"; };
		4CC266BE26E6AFEC00059AD9 /* MainViewController.swift */ = {isa = PBXFileReference; lastKnownFileType = sourcecode.swift; path = MainViewController.swift; sourceTree = "<group>"; };
		C47750290C396D2EEC9A5B91 /* Pods-HW14.release.xcconfig */ = {isa = PBXFileReference; includeInIndex = 1; lastKnownFileType = text.xcconfig; name = "Pods-HW14.release.xcconfig"; path = "Target Support Files/Pods-HW14/Pods-HW14.release.xcconfig"; sourceTree = "<group>"; };
		D4A7B61BDE35E08FEE43D5F7 /* Pods_HW14.framework */ = {isa = PBXFileReference; explicitFileType = wrapper.framework; includeInIndex = 0; path = Pods_HW14.framework; sourceTree = BUILT_PRODUCTS_DIR; };
		F599077D6BB71F7BB83F9A8D /* Pods-HW14.debug.xcconfig */ = {isa = PBXFileReference; includeInIndex = 1; lastKnownFileType = text.xcconfig; name = "Pods-HW14.debug.xcconfig"; path = "Target Support Files/Pods-HW14/Pods-HW14.debug.xcconfig"; sourceTree = "<group>"; };
/* End PBXFileReference section */

/* Begin PBXFrameworksBuildPhase section */
		4CC2669A26E696FD00059AD9 /* Frameworks */ = {
			isa = PBXFrameworksBuildPhase;
			buildActionMask = 2147483647;
			files = (
				C89EA9DB90130D09DA4A8D64 /* Pods_HW14.framework in Frameworks */,
			);
			runOnlyForDeploymentPostprocessing = 0;
		};
/* End PBXFrameworksBuildPhase section */

/* Begin PBXGroup section */
		49C0E70928D8DEE2FFED64E4 /* Frameworks */ = {
			isa = PBXGroup;
			children = (
				D4A7B61BDE35E08FEE43D5F7 /* Pods_HW14.framework */,
			);
			name = Frameworks;
			sourceTree = "<group>";
		};
		4CC2669426E696FD00059AD9 = {
			isa = PBXGroup;
			children = (
				4CC2669F26E696FD00059AD9 /* HW14 */,
				4CC2669E26E696FD00059AD9 /* Products */,
				7997C56B40212EA1D3A28AEE /* Pods */,
				49C0E70928D8DEE2FFED64E4 /* Frameworks */,
			);
			sourceTree = "<group>";
		};
		4CC2669E26E696FD00059AD9 /* Products */ = {
			isa = PBXGroup;
			children = (
				4CC2669D26E696FD00059AD9 /* HW14.app */,
			);
			name = Products;
			sourceTree = "<group>";
		};
		4CC2669F26E696FD00059AD9 /* HW14 */ = {
			isa = PBXGroup;
			children = (
				4C11819127250A590026F0A1 /* WeatherTableViewCell.swift */,
				4C11818E27250A220026F0A1 /* StandartViewController.swift */,
				4C118189272509710026F0A1 /* AlomofireTableViewCell.swift */,
				4C11818A272509720026F0A1 /* AlomofireViewController.swift */,
				4CC266A026E696FD00059AD9 /* AppDelegate.swift */,
				4CC266B826E6972100059AD9 /* Persistance.swift */,
				4C4CB2AC26E902BE001473B5 /* PersistanceRealm.swift */,
				4CC266A226E696FD00059AD9 /* SceneDelegate.swift */,
				4CC266A426E696FD00059AD9 /* ViewController2a.swift */,
				4CC266A626E696FD00059AD9 /* Main.storyboard */,
				4C439E7727247A9300FD02BB /* NewTaskViewController.swift */,
				4C437B1126EE78C400419CF5 /* ViewController2c.swift */,
				4C4CB2A926E8FC74001473B5 /* TaskTableViewCell.swift */,
				4C4CB2A626E8DCAB001473B5 /* ViewController2b.swift */,
				4CC266BE26E6AFEC00059AD9 /* MainViewController.swift */,
				4C437B1426EE795C00419CF5 /* CDTaskTableViewCell.swift */,
				4CC266AC26E696FE00059AD9 /* Assets.xcassets */,
				4CC266AE26E696FE00059AD9 /* LaunchScreen.storyboard */,
				4CC266B126E696FE00059AD9 /* Info.plist */,
				4CC266A926E696FD00059AD9 /* HW14.xcdatamodeld */,
			);
			path = HW14;
			sourceTree = "<group>";
		};
		7997C56B40212EA1D3A28AEE /* Pods */ = {
			isa = PBXGroup;
			children = (
				F599077D6BB71F7BB83F9A8D /* Pods-HW14.debug.xcconfig */,
				C47750290C396D2EEC9A5B91 /* Pods-HW14.release.xcconfig */,
			);
			path = Pods;
			sourceTree = "<group>";
		};
/* End PBXGroup section */

/* Begin PBXNativeTarget section */
		4CC2669C26E696FD00059AD9 /* HW14 */ = {
			isa = PBXNativeTarget;
			buildConfigurationList = 4CC266B426E696FE00059AD9 /* Build configuration list for PBXNativeTarget "HW14" */;
			buildPhases = (
				2C6AE1B8C3A5245C5F0C7588 /* [CP] Check Pods Manifest.lock */,
				4CC2669926E696FD00059AD9 /* Sources */,
				4CC2669A26E696FD00059AD9 /* Frameworks */,
				4CC2669B26E696FD00059AD9 /* Resources */,
				DD87D255F934A614E9402488 /* [CP] Embed Pods Frameworks */,
			);
			buildRules = (
			);
			dependencies = (
			);
			name = HW14;
			productName = HW14;
			productReference = 4CC2669D26E696FD00059AD9 /* HW14.app */;
			productType = "com.apple.product-type.application";
		};
/* End PBXNativeTarget section */

/* Begin PBXProject section */
		4CC2669526E696FD00059AD9 /* Project object */ = {
			isa = PBXProject;
			attributes = {
				LastSwiftUpdateCheck = 1240;
				LastUpgradeCheck = 1240;
				TargetAttributes = {
					4CC2669C26E696FD00059AD9 = {
						CreatedOnToolsVersion = 12.4;
					};
				};
			};
			buildConfigurationList = 4CC2669826E696FD00059AD9 /* Build configuration list for PBXProject "HW14" */;
			compatibilityVersion = "Xcode 9.3";
			developmentRegion = en;
			hasScannedForEncodings = 0;
			knownRegions = (
				en,
				Base,
			);
			mainGroup = 4CC2669426E696FD00059AD9;
			productRefGroup = 4CC2669E26E696FD00059AD9 /* Products */;
			projectDirPath = "";
			projectRoot = "";
			targets = (
				4CC2669C26E696FD00059AD9 /* HW14 */,
			);
		};
/* End PBXProject section */

/* Begin PBXResourcesBuildPhase section */
		4CC2669B26E696FD00059AD9 /* Resources */ = {
			isa = PBXResourcesBuildPhase;
			buildActionMask = 2147483647;
			files = (
				4CC266B026E696FE00059AD9 /* LaunchScreen.storyboard in Resources */,
				4CC266AD26E696FE00059AD9 /* Assets.xcassets in Resources */,
				4CC266A826E696FD00059AD9 /* Main.storyboard in Resources */,
			);
			runOnlyForDeploymentPostprocessing = 0;
		};
/* End PBXResourcesBuildPhase section */

/* Begin PBXShellScriptBuildPhase section */
		2C6AE1B8C3A5245C5F0C7588 /* [CP] Check Pods Manifest.lock */ = {
			isa = PBXShellScriptBuildPhase;
			buildActionMask = 2147483647;
			files = (
			);
			inputFileListPaths = (
			);
			inputPaths = (
				"${PODS_PODFILE_DIR_PATH}/Podfile.lock",
				"${PODS_ROOT}/Manifest.lock",
			);
			name = "[CP] Check Pods Manifest.lock";
			outputFileListPaths = (
			);
			outputPaths = (
				"$(DERIVED_FILE_DIR)/Pods-HW14-checkManifestLockResult.txt",
			);
			runOnlyForDeploymentPostprocessing = 0;
			shellPath = /bin/sh;
			shellScript = "diff \"${PODS_PODFILE_DIR_PATH}/Podfile.lock\" \"${PODS_ROOT}/Manifest.lock\" > /dev/null\nif [ $? != 0 ] ; then\n    # print error to STDERR\n    echo \"error: The sandbox is not in sync with the Podfile.lock. Run 'pod install' or update your CocoaPods installation.\" >&2\n    exit 1\nfi\n# This output is used by Xcode 'outputs' to avoid re-running this script phase.\necho \"SUCCESS\" > \"${SCRIPT_OUTPUT_FILE_0}\"\n";
			showEnvVarsInLog = 0;
		};
		DD87D255F934A614E9402488 /* [CP] Embed Pods Frameworks */ = {
			isa = PBXShellScriptBuildPhase;
			buildActionMask = 2147483647;
			files = (
			);
			inputFileListPaths = (
				"${PODS_ROOT}/Target Support Files/Pods-HW14/Pods-HW14-frameworks-${CONFIGURATION}-input-files.xcfilelist",
			);
			name = "[CP] Embed Pods Frameworks";
			outputFileListPaths = (
				"${PODS_ROOT}/Target Support Files/Pods-HW14/Pods-HW14-frameworks-${CONFIGURATION}-output-files.xcfilelist",
			);
			runOnlyForDeploymentPostprocessing = 0;
			shellPath = /bin/sh;
			shellScript = "\"${PODS_ROOT}/Target Support Files/Pods-HW14/Pods-HW14-frameworks.sh\"\n";
			showEnvVarsInLog = 0;
		};
/* End PBXShellScriptBuildPhase section */

/* Begin PBXSourcesBuildPhase section */
		4CC2669926E696FD00059AD9 /* Sources */ = {
			isa = PBXSourcesBuildPhase;
			buildActionMask = 2147483647;
			files = (
				4C4CB2AA26E8FC74001473B5 /* TaskTableViewCell.swift in Sources */,
				4CC266A526E696FD00059AD9 /* ViewController2a.swift in Sources */,
				4C11818F27250A220026F0A1 /* StandartViewController.swift in Sources */,
				4C11818B272509720026F0A1 /* AlomofireTableViewCell.swift in Sources */,
				4C11818C272509720026F0A1 /* AlomofireViewController.swift in Sources */,
				4CC266AB26E696FD00059AD9 /* HW14.xcdatamodeld in Sources */,
				4C437B1226EE78C500419CF5 /* ViewController2c.swift in Sources */,
				4CC266A126E696FD00059AD9 /* AppDelegate.swift in Sources */,
				4C11819227250A590026F0A1 /* WeatherTableViewCell.swift in Sources */,
				4CC266B926E6972100059AD9 /* Persistance.swift in Sources */,
				4C4CB2AD26E902BE001473B5 /* PersistanceRealm.swift in Sources */,
				4CC266A326E696FD00059AD9 /* SceneDelegate.swift in Sources */,
				4C437B1526EE795C00419CF5 /* CDTaskTableViewCell.swift in Sources */,
				4C4CB2A726E8DCAB001473B5 /* ViewController2b.swift in Sources */,
				4C439E7827247A9300FD02BB /* NewTaskViewController.swift in Sources */,
				4CC266BF26E6AFEC00059AD9 /* MainViewController.swift in Sources */,
			);
			runOnlyForDeploymentPostprocessing = 0;
		};
/* End PBXSourcesBuildPhase section */

/* Begin PBXVariantGroup section */
		4CC266A626E696FD00059AD9 /* Main.storyboard */ = {
			isa = PBXVariantGroup;
			children = (
				4CC266A726E696FD00059AD9 /* Base */,
			);
			name = Main.storyboard;
			sourceTree = "<group>";
		};
		4CC266AE26E696FE00059AD9 /* LaunchScreen.storyboard */ = {
			isa = PBXVariantGroup;
			children = (
				4CC266AF26E696FE00059AD9 /* Base */,
			);
			name = LaunchScreen.storyboard;
			sourceTree = "<group>";
		};
/* End PBXVariantGroup section */

/* Begin XCBuildConfiguration section */
		4CC266B226E696FE00059AD9 /* Debug */ = {
			isa = XCBuildConfiguration;
			buildSettings = {
				ALWAYS_SEARCH_USER_PATHS = NO;
				CLANG_ANALYZER_NONNULL = YES;
				CLANG_ANALYZER_NUMBER_OBJECT_CONVERSION = YES_AGGRESSIVE;
				CLANG_CXX_LANGUAGE_STANDARD = "gnu++14";
				CLANG_CXX_LIBRARY = "libc++";
				CLANG_ENABLE_MODULES = YES;
				CLANG_ENABLE_OBJC_ARC = YES;
				CLANG_ENABLE_OBJC_WEAK = YES;
				CLANG_WARN_BLOCK_CAPTURE_AUTORELEASING = YES;
				CLANG_WARN_BOOL_CONVERSION = YES;
				CLANG_WARN_COMMA = YES;
				CLANG_WARN_CONSTANT_CONVERSION = YES;
				CLANG_WARN_DEPRECATED_OBJC_IMPLEMENTATIONS = YES;
				CLANG_WARN_DIRECT_OBJC_ISA_USAGE = YES_ERROR;
				CLANG_WARN_DOCUMENTATION_COMMENTS = YES;
				CLANG_WARN_EMPTY_BODY = YES;
				CLANG_WARN_ENUM_CONVERSION = YES;
				CLANG_WARN_INFINITE_RECURSION = YES;
				CLANG_WARN_INT_CONVERSION = YES;
				CLANG_WARN_NON_LITERAL_NULL_CONVERSION = YES;
				CLANG_WARN_OBJC_IMPLICIT_RETAIN_SELF = YES;
				CLANG_WARN_OBJC_LITERAL_CONVERSION = YES;
				CLANG_WARN_OBJC_ROOT_CLASS = YES_ERROR;
				CLANG_WARN_QUOTED_INCLUDE_IN_FRAMEWORK_HEADER = YES;
				CLANG_WARN_RANGE_LOOP_ANALYSIS = YES;
				CLANG_WARN_STRICT_PROTOTYPES = YES;
				CLANG_WARN_SUSPICIOUS_MOVE = YES;
				CLANG_WARN_UNGUARDED_AVAILABILITY = YES_AGGRESSIVE;
				CLANG_WARN_UNREACHABLE_CODE = YES;
				CLANG_WARN__DUPLICATE_METHOD_MATCH = YES;
				COPY_PHASE_STRIP = NO;
				DEBUG_INFORMATION_FORMAT = dwarf;
				ENABLE_STRICT_OBJC_MSGSEND = YES;
				ENABLE_TESTABILITY = YES;
				GCC_C_LANGUAGE_STANDARD = gnu11;
				GCC_DYNAMIC_NO_PIC = NO;
				GCC_NO_COMMON_BLOCKS = YES;
				GCC_OPTIMIZATION_LEVEL = 0;
				GCC_PREPROCESSOR_DEFINITIONS = (
					"DEBUG=1",
					"$(inherited)",
				);
				GCC_WARN_64_TO_32_BIT_CONVERSION = YES;
				GCC_WARN_ABOUT_RETURN_TYPE = YES_ERROR;
				GCC_WARN_UNDECLARED_SELECTOR = YES;
				GCC_WARN_UNINITIALIZED_AUTOS = YES_AGGRESSIVE;
				GCC_WARN_UNUSED_FUNCTION = YES;
				GCC_WARN_UNUSED_VARIABLE = YES;
				IPHONEOS_DEPLOYMENT_TARGET = 15.0;
				MTL_ENABLE_DEBUG_INFO = INCLUDE_SOURCE;
				MTL_FAST_MATH = YES;
				ONLY_ACTIVE_ARCH = YES;
				SDKROOT = iphoneos;
				SWIFT_ACTIVE_COMPILATION_CONDITIONS = DEBUG;
				SWIFT_OPTIMIZATION_LEVEL = "-Onone";
			};
			name = Debug;
		};
		4CC266B326E696FE00059AD9 /* Release */ = {
			isa = XCBuildConfiguration;
			buildSettings = {
				ALWAYS_SEARCH_USER_PATHS = NO;
				CLANG_ANALYZER_NONNULL = YES;
				CLANG_ANALYZER_NUMBER_OBJECT_CONVERSION = YES_AGGRESSIVE;
				CLANG_CXX_LANGUAGE_STANDARD = "gnu++14";
				CLANG_CXX_LIBRARY = "libc++";
				CLANG_ENABLE_MODULES = YES;
				CLANG_ENABLE_OBJC_ARC = YES;
				CLANG_ENABLE_OBJC_WEAK = YES;
				CLANG_WARN_BLOCK_CAPTURE_AUTORELEASING = YES;
				CLANG_WARN_BOOL_CONVERSION = YES;
				CLANG_WARN_COMMA = YES;
				CLANG_WARN_CONSTANT_CONVERSION = YES;
				CLANG_WARN_DEPRECATED_OBJC_IMPLEMENTATIONS = YES;
				CLANG_WARN_DIRECT_OBJC_ISA_USAGE = YES_ERROR;
				CLANG_WARN_DOCUMENTATION_COMMENTS = YES;
				CLANG_WARN_EMPTY_BODY = YES;
				CLANG_WARN_ENUM_CONVERSION = YES;
				CLANG_WARN_INFINITE_RECURSION = YES;
				CLANG_WARN_INT_CONVERSION = YES;
				CLANG_WARN_NON_LITERAL_NULL_CONVERSION = YES;
				CLANG_WARN_OBJC_IMPLICIT_RETAIN_SELF = YES;
				CLANG_WARN_OBJC_LITERAL_CONVERSION = YES;
				CLANG_WARN_OBJC_ROOT_CLASS = YES_ERROR;
				CLANG_WARN_QUOTED_INCLUDE_IN_FRAMEWORK_HEADER = YES;
				CLANG_WARN_RANGE_LOOP_ANALYSIS = YES;
				CLANG_WARN_STRICT_PROTOTYPES = YES;
				CLANG_WARN_SUSPICIOUS_MOVE = YES;
				CLANG_WARN_UNGUARDED_AVAILABILITY = YES_AGGRESSIVE;
				CLANG_WARN_UNREACHABLE_CODE = YES;
				CLANG_WARN__DUPLICATE_METHOD_MATCH = YES;
				COPY_PHASE_STRIP = NO;
				DEBUG_INFORMATION_FORMAT = "dwarf-with-dsym";
				ENABLE_NS_ASSERTIONS = NO;
				ENABLE_STRICT_OBJC_MSGSEND = YES;
				GCC_C_LANGUAGE_STANDARD = gnu11;
				GCC_NO_COMMON_BLOCKS = YES;
				GCC_WARN_64_TO_32_BIT_CONVERSION = YES;
				GCC_WARN_ABOUT_RETURN_TYPE = YES_ERROR;
				GCC_WARN_UNDECLARED_SELECTOR = YES;
				GCC_WARN_UNINITIALIZED_AUTOS = YES_AGGRESSIVE;
				GCC_WARN_UNUSED_FUNCTION = YES;
				GCC_WARN_UNUSED_VARIABLE = YES;
				IPHONEOS_DEPLOYMENT_TARGET = 15.0;
				MTL_ENABLE_DEBUG_INFO = NO;
				MTL_FAST_MATH = YES;
				SDKROOT = iphoneos;
				SWIFT_COMPILATION_MODE = wholemodule;
				SWIFT_OPTIMIZATION_LEVEL = "-O";
				VALIDATE_PRODUCT = YES;
			};
			name = Release;
		};
		4CC266B526E696FE00059AD9 /* Debug */ = {
			isa = XCBuildConfiguration;
			baseConfigurationReference = F599077D6BB71F7BB83F9A8D /* Pods-HW14.debug.xcconfig */;
			buildSettings = {
				ASSETCATALOG_COMPILER_APPICON_NAME = AppIcon;
				ASSETCATALOG_COMPILER_GLOBAL_ACCENT_COLOR_NAME = AccentColor;
				CODE_SIGN_STYLE = Automatic;
				DEVELOPMENT_TEAM = X5G6TU7PS9;
				INFOPLIST_FILE = HW14/Info.plist;
				LD_RUNPATH_SEARCH_PATHS = (
					"$(inherited)",
					"@executable_path/Frameworks",
				);
				PRODUCT_BUNDLE_IDENTIFIER = CryptoLin.HW14;
				PRODUCT_NAME = "$(TARGET_NAME)";
				SWIFT_VERSION = 5.0;
				TARGETED_DEVICE_FAMILY = "1,2";
			};
			name = Debug;
		};
		4CC266B626E696FE00059AD9 /* Release */ = {
			isa = XCBuildConfiguration;
			baseConfigurationReference = C47750290C396D2EEC9A5B91 /* Pods-HW14.release.xcconfig */;
			buildSettings = {
				ASSETCATALOG_COMPILER_APPICON_NAME = AppIcon;
				ASSETCATALOG_COMPILER_GLOBAL_ACCENT_COLOR_NAME = AccentColor;
				CODE_SIGN_STYLE = Automatic;
				DEVELOPMENT_TEAM = X5G6TU7PS9;
				INFOPLIST_FILE = HW14/Info.plist;
				LD_RUNPATH_SEARCH_PATHS = (
					"$(inherited)",
					"@executable_path/Frameworks",
				);
				PRODUCT_BUNDLE_IDENTIFIER = CryptoLin.HW14;
				PRODUCT_NAME = "$(TARGET_NAME)";
				SWIFT_VERSION = 5.0;
				TARGETED_DEVICE_FAMILY = "1,2";
			};
			name = Release;
		};
/* End XCBuildConfiguration section */

/* Begin XCConfigurationList section */
		4CC2669826E696FD00059AD9 /* Build configuration list for PBXProject "HW14" */ = {
			isa = XCConfigurationList;
			buildConfigurations = (
				4CC266B226E696FE00059AD9 /* Debug */,
				4CC266B326E696FE00059AD9 /* Release */,
			);
			defaultConfigurationIsVisible = 0;
			defaultConfigurationName = Release;
		};
		4CC266B426E696FE00059AD9 /* Build configuration list for PBXNativeTarget "HW14" */ = {
			isa = XCConfigurationList;
			buildConfigurations = (
				4CC266B526E696FE00059AD9 /* Debug */,
				4CC266B626E696FE00059AD9 /* Release */,
			);
			defaultConfigurationIsVisible = 0;
			defaultConfigurationName = Release;
		};
/* End XCConfigurationList section */

/* Begin XCVersionGroup section */
		4CC266A926E696FD00059AD9 /* HW14.xcdatamodeld */ = {
			isa = XCVersionGroup;
			children = (
				4CC266AA26E696FD00059AD9 /* HW14.xcdatamodel */,
			);
			currentVersion = 4CC266AA26E696FD00059AD9 /* HW14.xcdatamodel */;
			path = HW14.xcdatamodeld;
			sourceTree = "<group>";
			versionGroupType = wrapper.xcdatamodel;
		};
/* End XCVersionGroup section */
	};
	rootObject = 4CC2669526E696FD00059AD9 /* Project object */;
}
